// !$*UTF8*$!
{
	archiveVersion = 1;
	classes = {
	};
	objectVersion = 46;
	objects = {

/* Begin PBXBuildFile section */
		28254B1D19B8186F00BDFEC6 /* ABCustomControl-Prefix.pch in Headers */ = {isa = PBXBuildFile; fileRef = 28254AFF19B8186F00BDFEC6 /* ABCustomControl-Prefix.pch */; settings = {ATTRIBUTES = (Public, ); }; };
		28254B1E19B8186F00BDFEC6 /* ABCustomControl.h in Headers */ = {isa = PBXBuildFile; fileRef = 28254B0019B8186F00BDFEC6 /* ABCustomControl.h */; settings = {ATTRIBUTES = (Public, ); }; };
		28254B2019B8186F00BDFEC6 /* ABCommonUtils.h in Headers */ = {isa = PBXBuildFile; fileRef = 28254B0319B8186F00BDFEC6 /* ABCommonUtils.h */; settings = {ATTRIBUTES = (Public, ); }; };
		28254B2119B8186F00BDFEC6 /* ABCommonUtils.m in Sources */ = {isa = PBXBuildFile; fileRef = 28254B0419B8186F00BDFEC6 /* ABCommonUtils.m */; };
		28254B2219B8186F00BDFEC6 /* ABParser.h in Headers */ = {isa = PBXBuildFile; fileRef = 28254B0519B8186F00BDFEC6 /* ABParser.h */; settings = {ATTRIBUTES = (Public, ); }; };
		28254B2319B8186F00BDFEC6 /* ABParser.m in Sources */ = {isa = PBXBuildFile; fileRef = 28254B0619B8186F00BDFEC6 /* ABParser.m */; };
		28254B2419B8186F00BDFEC6 /* ABRestInterface.h in Headers */ = {isa = PBXBuildFile; fileRef = 28254B0719B8186F00BDFEC6 /* ABRestInterface.h */; settings = {ATTRIBUTES = (Public, ); }; };
		28254B2519B8186F00BDFEC6 /* ABRestInterface.m in Sources */ = {isa = PBXBuildFile; fileRef = 28254B0819B8186F00BDFEC6 /* ABRestInterface.m */; };
		28254B2619B8186F00BDFEC6 /* ABCollapseTableView.h in Headers */ = {isa = PBXBuildFile; fileRef = 28254B0A19B8186F00BDFEC6 /* ABCollapseTableView.h */; settings = {ATTRIBUTES = (Public, ); }; };
		28254B2719B8186F00BDFEC6 /* ABCollapseTableView.m in Sources */ = {isa = PBXBuildFile; fileRef = 28254B0B19B8186F00BDFEC6 /* ABCollapseTableView.m */; };
		28254B2819B8186F00BDFEC6 /* ABECollapseHeaderView.h in Headers */ = {isa = PBXBuildFile; fileRef = 28254B0C19B8186F00BDFEC6 /* ABECollapseHeaderView.h */; settings = {ATTRIBUTES = (Public, ); }; };
		28254B2919B8186F00BDFEC6 /* ABECollapseHeaderView.m in Sources */ = {isa = PBXBuildFile; fileRef = 28254B0D19B8186F00BDFEC6 /* ABECollapseHeaderView.m */; };
		28254B2B19B8186F00BDFEC6 /* ABExtensions.h in Headers */ = {isa = PBXBuildFile; fileRef = 28254B1019B8186F00BDFEC6 /* ABExtensions.h */; settings = {ATTRIBUTES = (Public, ); }; };
		28254B2C19B8186F00BDFEC6 /* ABExtensions.m in Sources */ = {isa = PBXBuildFile; fileRef = 28254B1119B8186F00BDFEC6 /* ABExtensions.m */; };
		28254B2D19B8186F00BDFEC6 /* NSString+Extension.h in Headers */ = {isa = PBXBuildFile; fileRef = 28254B1219B8186F00BDFEC6 /* NSString+Extension.h */; settings = {ATTRIBUTES = (Public, ); }; };
		28254B2E19B8186F00BDFEC6 /* NSString+Extension.m in Sources */ = {isa = PBXBuildFile; fileRef = 28254B1319B8186F00BDFEC6 /* NSString+Extension.m */; };
		286A702F19B9515500A4F3D1 /* ABResourceBundle.bundle in Resources */ = {isa = PBXBuildFile; fileRef = 286A702619B9514200A4F3D1 /* ABResourceBundle.bundle */; };
		286A703119B9517200A4F3D1 /* ABECollapseHeaderView.xib in Resources */ = {isa = PBXBuildFile; fileRef = 286A703019B9517200A4F3D1 /* ABECollapseHeaderView.xib */; };
		286A703A19B9518D00A4F3D1 /* sectionarrow_down.png in Resources */ = {isa = PBXBuildFile; fileRef = 286A703219B9518D00A4F3D1 /* sectionarrow_down.png */; };
		286A703B19B9518D00A4F3D1 /* sectionarrow_down@2x.png in Resources */ = {isa = PBXBuildFile; fileRef = 286A703319B9518D00A4F3D1 /* sectionarrow_down@2x.png */; };
		286A703C19B9518D00A4F3D1 /* sectionheader_blue.png in Resources */ = {isa = PBXBuildFile; fileRef = 286A703419B9518D00A4F3D1 /* sectionheader_blue.png */; };
		286A703D19B9518D00A4F3D1 /* sectionheader_blue@2x.png in Resources */ = {isa = PBXBuildFile; fileRef = 286A703519B9518D00A4F3D1 /* sectionheader_blue@2x.png */; };
		286A703E19B9518D00A4F3D1 /* sectionheader.png in Resources */ = {isa = PBXBuildFile; fileRef = 286A703619B9518D00A4F3D1 /* sectionheader.png */; };
		286A703F19B9518D00A4F3D1 /* sectionheader@2x.png in Resources */ = {isa = PBXBuildFile; fileRef = 286A703719B9518D00A4F3D1 /* sectionheader@2x.png */; };
		286A704019B9518D00A4F3D1 /* sectionlist.png in Resources */ = {isa = PBXBuildFile; fileRef = 286A703819B9518D00A4F3D1 /* sectionlist.png */; };
		286A704119B9518D00A4F3D1 /* sectionlist2x.png in Resources */ = {isa = PBXBuildFile; fileRef = 286A703919B9518D00A4F3D1 /* sectionlist2x.png */; };
		286A704419B968F700A4F3D1 /* background.png in Resources */ = {isa = PBXBuildFile; fileRef = 286A704219B968F700A4F3D1 /* background.png */; };
		286A704519B968F700A4F3D1 /* cellBg.png in Resources */ = {isa = PBXBuildFile; fileRef = 286A704319B968F700A4F3D1 /* cellBg.png */; };
		28EF46B719A783A40064A177 /* Foundation.framework in Frameworks */ = {isa = PBXBuildFile; fileRef = 28EF46B619A783A40064A177 /* Foundation.framework */; };
/* End PBXBuildFile section */

/* Begin PBXContainerItemProxy section */
		286A702D19B9514A00A4F3D1 /* PBXContainerItemProxy */ = {
			isa = PBXContainerItemProxy;
			containerPortal = 28EF46AB19A783A40064A177 /* Project object */;
			proxyType = 1;
			remoteGlobalIDString = 286A702519B9514200A4F3D1;
			remoteInfo = ABResourceBundle;
		};
/* End PBXContainerItemProxy section */

/* Begin PBXFileReference section */
		28254AFF19B8186F00BDFEC6 /* ABCustomControl-Prefix.pch */ = {isa = PBXFileReference; fileEncoding = 4; lastKnownFileType = sourcecode.c.h; path = "ABCustomControl-Prefix.pch"; sourceTree = "<group>"; };
		28254B0019B8186F00BDFEC6 /* ABCustomControl.h */ = {isa = PBXFileReference; fileEncoding = 4; lastKnownFileType = sourcecode.c.h; path = ABCustomControl.h; sourceTree = "<group>"; };
		28254B0319B8186F00BDFEC6 /* ABCommonUtils.h */ = {isa = PBXFileReference; fileEncoding = 4; lastKnownFileType = sourcecode.c.h; path = ABCommonUtils.h; sourceTree = "<group>"; };
		28254B0419B8186F00BDFEC6 /* ABCommonUtils.m */ = {isa = PBXFileReference; fileEncoding = 4; lastKnownFileType = sourcecode.c.objc; path = ABCommonUtils.m; sourceTree = "<group>"; };
		28254B0519B8186F00BDFEC6 /* ABParser.h */ = {isa = PBXFileReference; fileEncoding = 4; lastKnownFileType = sourcecode.c.h; path = ABParser.h; sourceTree = "<group>"; };
		28254B0619B8186F00BDFEC6 /* ABParser.m */ = {isa = PBXFileReference; fileEncoding = 4; lastKnownFileType = sourcecode.c.objc; path = ABParser.m; sourceTree = "<group>"; };
		28254B0719B8186F00BDFEC6 /* ABRestInterface.h */ = {isa = PBXFileReference; fileEncoding = 4; lastKnownFileType = sourcecode.c.h; path = ABRestInterface.h; sourceTree = "<group>"; };
		28254B0819B8186F00BDFEC6 /* ABRestInterface.m */ = {isa = PBXFileReference; fileEncoding = 4; lastKnownFileType = sourcecode.c.objc; path = ABRestInterface.m; sourceTree = "<group>"; };
		28254B0A19B8186F00BDFEC6 /* ABCollapseTableView.h */ = {isa = PBXFileReference; fileEncoding = 4; lastKnownFileType = sourcecode.c.h; path = ABCollapseTableView.h; sourceTree = "<group>"; };
		28254B0B19B8186F00BDFEC6 /* ABCollapseTableView.m */ = {isa = PBXFileReference; fileEncoding = 4; lastKnownFileType = sourcecode.c.objc; path = ABCollapseTableView.m; sourceTree = "<group>"; };
		28254B0C19B8186F00BDFEC6 /* ABECollapseHeaderView.h */ = {isa = PBXFileReference; fileEncoding = 4; lastKnownFileType = sourcecode.c.h; path = ABECollapseHeaderView.h; sourceTree = "<group>"; };
		28254B0D19B8186F00BDFEC6 /* ABECollapseHeaderView.m */ = {isa = PBXFileReference; fileEncoding = 4; lastKnownFileType = sourcecode.c.objc; path = ABECollapseHeaderView.m; sourceTree = "<group>"; };
		28254B1019B8186F00BDFEC6 /* ABExtensions.h */ = {isa = PBXFileReference; fileEncoding = 4; lastKnownFileType = sourcecode.c.h; path = ABExtensions.h; sourceTree = "<group>"; };
		28254B1119B8186F00BDFEC6 /* ABExtensions.m */ = {isa = PBXFileReference; fileEncoding = 4; lastKnownFileType = sourcecode.c.objc; path = ABExtensions.m; sourceTree = "<group>"; };
		28254B1219B8186F00BDFEC6 /* NSString+Extension.h */ = {isa = PBXFileReference; fileEncoding = 4; lastKnownFileType = sourcecode.c.h; path = "NSString+Extension.h"; sourceTree = "<group>"; };
		28254B1319B8186F00BDFEC6 /* NSString+Extension.m */ = {isa = PBXFileReference; fileEncoding = 4; lastKnownFileType = sourcecode.c.objc; path = "NSString+Extension.m"; sourceTree = "<group>"; };
		284DD73919A7BBAE00CC416D /* ABCustomControl.podspec */ = {isa = PBXFileReference; lastKnownFileType = text; path = ABCustomControl.podspec; sourceTree = "<group>"; };
		286A702619B9514200A4F3D1 /* ABResourceBundle.bundle */ = {isa = PBXFileReference; explicitFileType = wrapper.cfbundle; includeInIndex = 0; path = ABResourceBundle.bundle; sourceTree = BUILT_PRODUCTS_DIR; };
		286A702919B9514200A4F3D1 /* Info.plist */ = {isa = PBXFileReference; lastKnownFileType = text.plist.xml; path = Info.plist; sourceTree = "<group>"; };
		286A703019B9517200A4F3D1 /* ABECollapseHeaderView.xib */ = {isa = PBXFileReference; fileEncoding = 4; lastKnownFileType = file.xib; path = ABECollapseHeaderView.xib; sourceTree = "<group>"; };
		286A703219B9518D00A4F3D1 /* sectionarrow_down.png */ = {isa = PBXFileReference; lastKnownFileType = image.png; path = sectionarrow_down.png; sourceTree = "<group>"; };
		286A703319B9518D00A4F3D1 /* sectionarrow_down@2x.png */ = {isa = PBXFileReference; lastKnownFileType = image.png; path = "sectionarrow_down@2x.png"; sourceTree = "<group>"; };
		286A703419B9518D00A4F3D1 /* sectionheader_blue.png */ = {isa = PBXFileReference; lastKnownFileType = image.png; path = sectionheader_blue.png; sourceTree = "<group>"; };
		286A703519B9518D00A4F3D1 /* sectionheader_blue@2x.png */ = {isa = PBXFileReference; lastKnownFileType = image.png; path = "sectionheader_blue@2x.png"; sourceTree = "<group>"; };
		286A703619B9518D00A4F3D1 /* sectionheader.png */ = {isa = PBXFileReference; lastKnownFileType = image.png; path = sectionheader.png; sourceTree = "<group>"; };
		286A703719B9518D00A4F3D1 /* sectionheader@2x.png */ = {isa = PBXFileReference; lastKnownFileType = image.png; path = "sectionheader@2x.png"; sourceTree = "<group>"; };
		286A703819B9518D00A4F3D1 /* sectionlist.png */ = {isa = PBXFileReference; lastKnownFileType = image.png; path = sectionlist.png; sourceTree = "<group>"; };
		286A703919B9518D00A4F3D1 /* sectionlist2x.png */ = {isa = PBXFileReference; lastKnownFileType = image.png; path = sectionlist2x.png; sourceTree = "<group>"; };
		286A704219B968F700A4F3D1 /* background.png */ = {isa = PBXFileReference; lastKnownFileType = image.png; path = background.png; sourceTree = "<group>"; };
		286A704319B968F700A4F3D1 /* cellBg.png */ = {isa = PBXFileReference; lastKnownFileType = image.png; path = cellBg.png; sourceTree = "<group>"; };
		28EF46B319A783A40064A177 /* libABCustomControl.a */ = {isa = PBXFileReference; explicitFileType = archive.ar; includeInIndex = 0; path = libABCustomControl.a; sourceTree = BUILT_PRODUCTS_DIR; };
		28EF46B619A783A40064A177 /* Foundation.framework */ = {isa = PBXFileReference; lastKnownFileType = wrapper.framework; name = Foundation.framework; path = System/Library/Frameworks/Foundation.framework; sourceTree = SDKROOT; };
		28EF46C419A783A40064A177 /* XCTest.framework */ = {isa = PBXFileReference; lastKnownFileType = wrapper.framework; name = XCTest.framework; path = Library/Frameworks/XCTest.framework; sourceTree = DEVELOPER_DIR; };
		28EF46C719A783A40064A177 /* UIKit.framework */ = {isa = PBXFileReference; lastKnownFileType = wrapper.framework; name = UIKit.framework; path = Library/Frameworks/UIKit.framework; sourceTree = DEVELOPER_DIR; };
		28EF475519A792930064A177 /* Podfile */ = {isa = PBXFileReference; fileEncoding = 4; lastKnownFileType = text; path = Podfile; sourceTree = "<group>"; xcLanguageSpecificationIdentifier = xcode.lang.ruby; };
/* End PBXFileReference section */

/* Begin PBXFrameworksBuildPhase section */
		286A702319B9514200A4F3D1 /* Frameworks */ = {
			isa = PBXFrameworksBuildPhase;
			buildActionMask = 2147483647;
			files = (
			);
			runOnlyForDeploymentPostprocessing = 0;
		};
		28EF46B019A783A40064A177 /* Frameworks */ = {
			isa = PBXFrameworksBuildPhase;
			buildActionMask = 2147483647;
			files = (
				28EF46B719A783A40064A177 /* Foundation.framework in Frameworks */,
			);
			runOnlyForDeploymentPostprocessing = 0;
		};
/* End PBXFrameworksBuildPhase section */

/* Begin PBXGroup section */
		28254AFE19B8186F00BDFEC6 /* ABCustomControl */ = {
			isa = PBXGroup;
			children = (
				28254AFF19B8186F00BDFEC6 /* ABCustomControl-Prefix.pch */,
				28254B0019B8186F00BDFEC6 /* ABCustomControl.h */,
				28254B0219B8186F00BDFEC6 /* ABWebService */,
				28254B0919B8186F00BDFEC6 /* CustomView */,
				28254B0F19B8186F00BDFEC6 /* Extension */,
				28254B1419B8186F00BDFEC6 /* Resource */,
			);
			path = ABCustomControl;
			sourceTree = "<group>";
		};
		28254B0219B8186F00BDFEC6 /* ABWebService */ = {
			isa = PBXGroup;
			children = (
				28254B0319B8186F00BDFEC6 /* ABCommonUtils.h */,
				28254B0419B8186F00BDFEC6 /* ABCommonUtils.m */,
				28254B0519B8186F00BDFEC6 /* ABParser.h */,
				28254B0619B8186F00BDFEC6 /* ABParser.m */,
				28254B0719B8186F00BDFEC6 /* ABRestInterface.h */,
				28254B0819B8186F00BDFEC6 /* ABRestInterface.m */,
			);
			path = ABWebService;
			sourceTree = "<group>";
		};
		28254B0919B8186F00BDFEC6 /* CustomView */ = {
			isa = PBXGroup;
			children = (
				286A703019B9517200A4F3D1 /* ABECollapseHeaderView.xib */,
				28254B0A19B8186F00BDFEC6 /* ABCollapseTableView.h */,
				28254B0B19B8186F00BDFEC6 /* ABCollapseTableView.m */,
				28254B0C19B8186F00BDFEC6 /* ABECollapseHeaderView.h */,
				28254B0D19B8186F00BDFEC6 /* ABECollapseHeaderView.m */,
			);
			path = CustomView;
			sourceTree = "<group>";
		};
		28254B0F19B8186F00BDFEC6 /* Extension */ = {
			isa = PBXGroup;
			children = (
				28254B1019B8186F00BDFEC6 /* ABExtensions.h */,
				28254B1119B8186F00BDFEC6 /* ABExtensions.m */,
				28254B1219B8186F00BDFEC6 /* NSString+Extension.h */,
				28254B1319B8186F00BDFEC6 /* NSString+Extension.m */,
			);
			path = Extension;
			sourceTree = "<group>";
		};
		28254B1419B8186F00BDFEC6 /* Resource */ = {
			isa = PBXGroup;
			children = (
				286A704219B968F700A4F3D1 /* background.png */,
				286A704319B968F700A4F3D1 /* cellBg.png */,
				286A703219B9518D00A4F3D1 /* sectionarrow_down.png */,
				286A703319B9518D00A4F3D1 /* sectionarrow_down@2x.png */,
				286A703419B9518D00A4F3D1 /* sectionheader_blue.png */,
				286A703519B9518D00A4F3D1 /* sectionheader_blue@2x.png */,
				286A703619B9518D00A4F3D1 /* sectionheader.png */,
				286A703719B9518D00A4F3D1 /* sectionheader@2x.png */,
				286A703819B9518D00A4F3D1 /* sectionlist.png */,
				286A703919B9518D00A4F3D1 /* sectionlist2x.png */,
			);
			path = Resource;
			sourceTree = "<group>";
		};
		286A702719B9514200A4F3D1 /* ABResourceBundle */ = {
			isa = PBXGroup;
			children = (
				286A702819B9514200A4F3D1 /* Supporting Files */,
			);
			path = ABResourceBundle;
			sourceTree = "<group>";
		};
		286A702819B9514200A4F3D1 /* Supporting Files */ = {
			isa = PBXGroup;
			children = (
				286A702919B9514200A4F3D1 /* Info.plist */,
			);
			name = "Supporting Files";
			sourceTree = "<group>";
		};
		286A704619B9691000A4F3D1 /* Pod-Spec */ = {
			isa = PBXGroup;
			children = (
				28EF475519A792930064A177 /* Podfile */,
				284DD73919A7BBAE00CC416D /* ABCustomControl.podspec */,
			);
			name = "Pod-Spec";
			sourceTree = "<group>";
		};
		28EF46AA19A783A40064A177 = {
			isa = PBXGroup;
			children = (
				28254AFE19B8186F00BDFEC6 /* ABCustomControl */,
				286A702719B9514200A4F3D1 /* ABResourceBundle */,
				28EF46B519A783A40064A177 /* Frameworks */,
				286A704619B9691000A4F3D1 /* Pod-Spec */,
				28EF46B419A783A40064A177 /* Products */,
			);
			sourceTree = "<group>";
		};
		28EF46B419A783A40064A177 /* Products */ = {
			isa = PBXGroup;
			children = (
				28EF46B319A783A40064A177 /* libABCustomControl.a */,
				286A702619B9514200A4F3D1 /* ABResourceBundle.bundle */,
			);
			name = Products;
			sourceTree = "<group>";
		};
		28EF46B519A783A40064A177 /* Frameworks */ = {
			isa = PBXGroup;
			children = (
				28EF46B619A783A40064A177 /* Foundation.framework */,
				28EF46C419A783A40064A177 /* XCTest.framework */,
				28EF46C719A783A40064A177 /* UIKit.framework */,
			);
			name = Frameworks;
			sourceTree = "<group>";
		};
/* End PBXGroup section */

/* Begin PBXHeadersBuildPhase section */
		284DD74019A7C26B00CC416D /* Headers */ = {
			isa = PBXHeadersBuildPhase;
			buildActionMask = 2147483647;
			files = (
				28254B2D19B8186F00BDFEC6 /* NSString+Extension.h in Headers */,
				28254B2819B8186F00BDFEC6 /* ABECollapseHeaderView.h in Headers */,
				28254B2219B8186F00BDFEC6 /* ABParser.h in Headers */,
				28254B2419B8186F00BDFEC6 /* ABRestInterface.h in Headers */,
				28254B1E19B8186F00BDFEC6 /* ABCustomControl.h in Headers */,
				28254B2019B8186F00BDFEC6 /* ABCommonUtils.h in Headers */,
				28254B2619B8186F00BDFEC6 /* ABCollapseTableView.h in Headers */,
				28254B1D19B8186F00BDFEC6 /* ABCustomControl-Prefix.pch in Headers */,
				28254B2B19B8186F00BDFEC6 /* ABExtensions.h in Headers */,
			);
			runOnlyForDeploymentPostprocessing = 0;
		};
/* End PBXHeadersBuildPhase section */

/* Begin PBXNativeTarget section */
		286A702519B9514200A4F3D1 /* ABResourceBundle */ = {
			isa = PBXNativeTarget;
			buildConfigurationList = 286A702A19B9514200A4F3D1 /* Build configuration list for PBXNativeTarget "ABResourceBundle" */;
			buildPhases = (
				286A702219B9514200A4F3D1 /* Sources */,
				286A702319B9514200A4F3D1 /* Frameworks */,
				286A702419B9514200A4F3D1 /* Resources */,
			);
			buildRules = (
			);
			dependencies = (
			);
			name = ABResourceBundle;
			productName = ABResourceBundle;
			productReference = 286A702619B9514200A4F3D1 /* ABResourceBundle.bundle */;
			productType = "com.apple.product-type.bundle";
		};
		28EF46B219A783A40064A177 /* ABCustomControl */ = {
			isa = PBXNativeTarget;
			buildConfigurationList = 28EF46D619A783A40064A177 /* Build configuration list for PBXNativeTarget "ABCustomControl" */;
			buildPhases = (
				28EF46AF19A783A40064A177 /* Sources */,
				28EF46B019A783A40064A177 /* Frameworks */,
				284DD74019A7C26B00CC416D /* Headers */,
				284DD77019A8428600CC416D /* Resources */,
			);
			buildRules = (
			);
			dependencies = (
				286A702E19B9514A00A4F3D1 /* PBXTargetDependency */,
			);
			name = ABCustomControl;
			productName = ABCustomControl;
			productReference = 28EF46B319A783A40064A177 /* libABCustomControl.a */;
			productType = "com.apple.product-type.library.static";
		};
/* End PBXNativeTarget section */

/* Begin PBXProject section */
		28EF46AB19A783A40064A177 /* Project object */ = {
			isa = PBXProject;
			attributes = {
				LastUpgradeCheck = 0510;
				ORGANIZATIONNAME = "Dooars Solution";
				TargetAttributes = {
					286A702519B9514200A4F3D1 = {
						CreatedOnToolsVersion = 6.0;
					};
				};
			};
			buildConfigurationList = 28EF46AE19A783A40064A177 /* Build configuration list for PBXProject "ABCustomControl" */;
			compatibilityVersion = "Xcode 3.2";
			developmentRegion = English;
			hasScannedForEncodings = 0;
			knownRegions = (
				en,
			);
			mainGroup = 28EF46AA19A783A40064A177;
			productRefGroup = 28EF46B419A783A40064A177 /* Products */;
			projectDirPath = "";
			projectRoot = "";
			targets = (
				28EF46B219A783A40064A177 /* ABCustomControl */,
				286A702519B9514200A4F3D1 /* ABResourceBundle */,
			);
		};
/* End PBXProject section */

/* Begin PBXResourcesBuildPhase section */
		284DD77019A8428600CC416D /* Resources */ = {
			isa = PBXResourcesBuildPhase;
			buildActionMask = 2147483647;
			files = (
				286A702F19B9515500A4F3D1 /* ABResourceBundle.bundle in Resources */,
			);
			runOnlyForDeploymentPostprocessing = 0;
		};
		286A702419B9514200A4F3D1 /* Resources */ = {
			isa = PBXResourcesBuildPhase;
			buildActionMask = 2147483647;
			files = (
				286A703E19B9518D00A4F3D1 /* sectionheader.png in Resources */,
				286A704419B968F700A4F3D1 /* background.png in Resources */,
				286A703F19B9518D00A4F3D1 /* sectionheader@2x.png in Resources */,
				286A703119B9517200A4F3D1 /* ABECollapseHeaderView.xib in Resources */,
				286A704019B9518D00A4F3D1 /* sectionlist.png in Resources */,
				286A704119B9518D00A4F3D1 /* sectionlist2x.png in Resources */,
				286A703A19B9518D00A4F3D1 /* sectionarrow_down.png in Resources */,
				286A704519B968F700A4F3D1 /* cellBg.png in Resources */,
				286A703C19B9518D00A4F3D1 /* sectionheader_blue.png in Resources */,
				286A703B19B9518D00A4F3D1 /* sectionarrow_down@2x.png in Resources */,
				286A703D19B9518D00A4F3D1 /* sectionheader_blue@2x.png in Resources */,
			);
			runOnlyForDeploymentPostprocessing = 0;
		};
/* End PBXResourcesBuildPhase section */

/* Begin PBXSourcesBuildPhase section */
		286A702219B9514200A4F3D1 /* Sources */ = {
			isa = PBXSourcesBuildPhase;
			buildActionMask = 2147483647;
			files = (
			);
			runOnlyForDeploymentPostprocessing = 0;
		};
		28EF46AF19A783A40064A177 /* Sources */ = {
			isa = PBXSourcesBuildPhase;
			buildActionMask = 2147483647;
			files = (
				28254B2319B8186F00BDFEC6 /* ABParser.m in Sources */,
				28254B2519B8186F00BDFEC6 /* ABRestInterface.m in Sources */,
				28254B2119B8186F00BDFEC6 /* ABCommonUtils.m in Sources */,
				28254B2719B8186F00BDFEC6 /* ABCollapseTableView.m in Sources */,
				28254B2919B8186F00BDFEC6 /* ABECollapseHeaderView.m in Sources */,
				28254B2C19B8186F00BDFEC6 /* ABExtensions.m in Sources */,
				28254B2E19B8186F00BDFEC6 /* NSString+Extension.m in Sources */,
			);
			runOnlyForDeploymentPostprocessing = 0;
		};
/* End PBXSourcesBuildPhase section */

/* Begin PBXTargetDependency section */
		286A702E19B9514A00A4F3D1 /* PBXTargetDependency */ = {
			isa = PBXTargetDependency;
			target = 286A702519B9514200A4F3D1 /* ABResourceBundle */;
			targetProxy = 286A702D19B9514A00A4F3D1 /* PBXContainerItemProxy */;
		};
/* End PBXTargetDependency section */

/* Begin XCBuildConfiguration section */
		286A702B19B9514200A4F3D1 /* Debug */ = {
			isa = XCBuildConfiguration;
			buildSettings = {
				CLANG_WARN_UNREACHABLE_CODE = YES;
				COMBINE_HIDPI_IMAGES = YES;
				ENABLE_STRICT_OBJC_MSGSEND = YES;
				GCC_PREPROCESSOR_DEFINITIONS = (
					"DEBUG=1",
					"$(inherited)",
				);
				INFOPLIST_FILE = ABResourceBundle/Info.plist;
				INSTALL_PATH = /usr/local/lib;
				MACOSX_DEPLOYMENT_TARGET = "";
				MTL_ENABLE_DEBUG_INFO = YES;
				PRODUCT_NAME = "$(TARGET_NAME)";
				SDKROOT = iphoneos;
				SKIP_INSTALL = YES;
				WRAPPER_EXTENSION = bundle;
			};
			name = Debug;
		};
		286A702C19B9514200A4F3D1 /* Release */ = {
			isa = XCBuildConfiguration;
			buildSettings = {
				CLANG_WARN_UNREACHABLE_CODE = YES;
				COMBINE_HIDPI_IMAGES = YES;
				DEBUG_INFORMATION_FORMAT = "dwarf-with-dsym";
				ENABLE_STRICT_OBJC_MSGSEND = YES;
				INFOPLIST_FILE = ABResourceBundle/Info.plist;
				INSTALL_PATH = /usr/local/lib;
				MACOSX_DEPLOYMENT_TARGET = "";
				MTL_ENABLE_DEBUG_INFO = NO;
				PRODUCT_NAME = "$(TARGET_NAME)";
				SDKROOT = iphoneos;
				SKIP_INSTALL = YES;
				WRAPPER_EXTENSION = bundle;
			};
			name = Release;
		};
		28EF46D419A783A40064A177 /* Debug */ = {
			isa = XCBuildConfiguration;
			buildSettings = {
				ALWAYS_SEARCH_USER_PATHS = NO;
				CLANG_CXX_LANGUAGE_STANDARD = "gnu++0x";
				CLANG_CXX_LIBRARY = "libc++";
				CLANG_ENABLE_MODULES = YES;
				CLANG_ENABLE_OBJC_ARC = YES;
				CLANG_WARN_BOOL_CONVERSION = YES;
				CLANG_WARN_CONSTANT_CONVERSION = YES;
				CLANG_WARN_DIRECT_OBJC_ISA_USAGE = YES_ERROR;
				CLANG_WARN_EMPTY_BODY = YES;
				CLANG_WARN_ENUM_CONVERSION = YES;
				CLANG_WARN_INT_CONVERSION = YES;
				CLANG_WARN_OBJC_ROOT_CLASS = YES_ERROR;
				CLANG_WARN__DUPLICATE_METHOD_MATCH = YES;
				COPY_PHASE_STRIP = NO;
				GCC_C_LANGUAGE_STANDARD = gnu99;
				GCC_DYNAMIC_NO_PIC = NO;
				GCC_OPTIMIZATION_LEVEL = 0;
				GCC_PREPROCESSOR_DEFINITIONS = (
					"DEBUG=1",
					"$(inherited)",
				);
				GCC_SYMBOLS_PRIVATE_EXTERN = NO;
				GCC_WARN_64_TO_32_BIT_CONVERSION = YES;
				GCC_WARN_ABOUT_RETURN_TYPE = YES_ERROR;
				GCC_WARN_UNDECLARED_SELECTOR = YES;
				GCC_WARN_UNINITIALIZED_AUTOS = YES_AGGRESSIVE;
				GCC_WARN_UNUSED_FUNCTION = YES;
				GCC_WARN_UNUSED_VARIABLE = YES;
				IPHONEOS_DEPLOYMENT_TARGET = 7.1;
				ONLY_ACTIVE_ARCH = YES;
				SDKROOT = iphoneos;
			};
			name = Debug;
		};
		28EF46D519A783A40064A177 /* Release */ = {
			isa = XCBuildConfiguration;
			buildSettings = {
				ALWAYS_SEARCH_USER_PATHS = NO;
				CLANG_CXX_LANGUAGE_STANDARD = "gnu++0x";
				CLANG_CXX_LIBRARY = "libc++";
				CLANG_ENABLE_MODULES = YES;
				CLANG_ENABLE_OBJC_ARC = YES;
				CLANG_WARN_BOOL_CONVERSION = YES;
				CLANG_WARN_CONSTANT_CONVERSION = YES;
				CLANG_WARN_DIRECT_OBJC_ISA_USAGE = YES_ERROR;
				CLANG_WARN_EMPTY_BODY = YES;
				CLANG_WARN_ENUM_CONVERSION = YES;
				CLANG_WARN_INT_CONVERSION = YES;
				CLANG_WARN_OBJC_ROOT_CLASS = YES_ERROR;
				CLANG_WARN__DUPLICATE_METHOD_MATCH = YES;
				COPY_PHASE_STRIP = YES;
				ENABLE_NS_ASSERTIONS = NO;
				GCC_C_LANGUAGE_STANDARD = gnu99;
				GCC_WARN_64_TO_32_BIT_CONVERSION = YES;
				GCC_WARN_ABOUT_RETURN_TYPE = YES_ERROR;
				GCC_WARN_UNDECLARED_SELECTOR = YES;
				GCC_WARN_UNINITIALIZED_AUTOS = YES_AGGRESSIVE;
				GCC_WARN_UNUSED_FUNCTION = YES;
				GCC_WARN_UNUSED_VARIABLE = YES;
				IPHONEOS_DEPLOYMENT_TARGET = 7.1;
				SDKROOT = iphoneos;
				VALIDATE_PRODUCT = YES;
			};
			name = Release;
		};
		28EF46D719A783A40064A177 /* Debug */ = {
			isa = XCBuildConfiguration;
			buildSettings = {
				DSTROOT = /tmp/ABCustomControl.dst;
				GCC_PRECOMPILE_PREFIX_HEADER = YES;
				GCC_PREFIX_HEADER = "ABCustomControl/ABCustomControl-Prefix.pch";
				OTHER_LDFLAGS = "-ObjC";
				PRODUCT_NAME = "$(TARGET_NAME)";
				SKIP_INSTALL = YES;
			};
			name = Debug;
		};
		28EF46D819A783A40064A177 /* Release */ = {
			isa = XCBuildConfiguration;
			buildSettings = {
				DSTROOT = /tmp/ABCustomControl.dst;
				GCC_PRECOMPILE_PREFIX_HEADER = YES;
				GCC_PREFIX_HEADER = "ABCustomControl/ABCustomControl-Prefix.pch";
				OTHER_LDFLAGS = "-ObjC";
				PRODUCT_NAME = "$(TARGET_NAME)";
				SKIP_INSTALL = YES;
			};
			name = Release;
		};
/* End XCBuildConfiguration section */

/* Begin XCConfigurationList section */
		286A702A19B9514200A4F3D1 /* Build configuration list for PBXNativeTarget "ABResourceBundle" */ = {
			isa = XCConfigurationList;
			buildConfigurations = (
				286A702B19B9514200A4F3D1 /* Debug */,
				286A702C19B9514200A4F3D1 /* Release */,
			);
			defaultConfigurationIsVisible = 0;
			defaultConfigurationName = Release;
		};
		28EF46AE19A783A40064A177 /* Build configuration list for PBXProject "ABCustomControl" */ = {
			isa = XCConfigurationList;
			buildConfigurations = (
				28EF46D419A783A40064A177 /* Debug */,
				28EF46D519A783A40064A177 /* Release */,
			);
			defaultConfigurationIsVisible = 0;
			defaultConfigurationName = Release;
		};
		28EF46D619A783A40064A177 /* Build configuration list for PBXNativeTarget "ABCustomControl" */ = {
			isa = XCConfigurationList;
			buildConfigurations = (
				28EF46D719A783A40064A177 /* Debug */,
				28EF46D819A783A40064A177 /* Release */,
			);
			defaultConfigurationIsVisible = 0;
			defaultConfigurationName = Release;
		};
/* End XCConfigurationList section */
	};
	rootObject = 28EF46AB19A783A40064A177 /* Project object */;
}
